
Microsoft Visual Studio Solution File, Format Version 12.00
# Visual Studio 15
VisualStudioVersion = 15.0.28307.1022
MinimumVisualStudioVersion = 10.0.40219.1
Project("{FAE04EC0-301F-11D3-BF4B-00C04F79EFBC}") = "Library", "Library\Library.csproj", "{A2A1128C-16F8-44CF-885A-E5AF0814E769}"
EndProject
Project("{FAE04EC0-301F-11D3-BF4B-00C04F79EFBC}") = "DAL", "DAL\DAL.csproj", "{87ED3606-EB46-4C58-B1F1-4DB6D5089847}"
EndProject
Project("{FAE04EC0-301F-11D3-BF4B-00C04F79EFBC}") = "BLL", "BLL\BLL.csproj", "{E3961625-125C-4A58-886F-C066FE66219D}"
EndProject
Project("{FAE04EC0-301F-11D3-BF4B-00C04F79EFBC}") = "PL", "PL\PL.csproj", "{306100FD-4D95-4684-A05B-033F3023F3A1}"
EndProject
Project("{FAE04EC0-301F-11D3-BF4B-00C04F79EFBC}") = "TestBLL", "TestBLL\TestBLL.csproj", "{0EA57D65-6F83-48DF-A1D8-7788274CC4DB}"
EndProject
Global
	GlobalSection(SolutionConfigurationPlatforms) = preSolution
		Debug|Any CPU = Debug|Any CPU
		Release|Any CPU = Release|Any CPU
	EndGlobalSection
	GlobalSection(ProjectConfigurationPlatforms) = postSolution
		{A2A1128C-16F8-44CF-885A-E5AF0814E769}.Debug|Any CPU.ActiveCfg = Debug|Any CPU
		{A2A1128C-16F8-44CF-885A-E5AF0814E769}.Debug|Any CPU.Build.0 = Debug|Any CPU
		{A2A1128C-16F8-44CF-885A-E5AF0814E769}.Release|Any CPU.ActiveCfg = Release|Any CPU
		{A2A1128C-16F8-44CF-885A-E5AF0814E769}.Release|Any CPU.Build.0 = Release|Any CPU
		{87ED3606-EB46-4C58-B1F1-4DB6D5089847}.Debug|Any CPU.ActiveCfg = Debug|Any CPU
		{87ED3606-EB46-4C58-B1F1-4DB6D5089847}.Debug|Any CPU.Build.0 = Debug|Any CPU
		{87ED3606-EB46-4C58-B1F1-4DB6D5089847}.Release|Any CPU.ActiveCfg = Release|Any CPU
		{87ED3606-EB46-4C58-B1F1-4DB6D5089847}.Release|Any CPU.Build.0 = Release|Any CPU
		{E3961625-125C-4A58-886F-C066FE66219D}.Debug|Any CPU.ActiveCfg = Debug|Any CPU
		{E3961625-125C-4A58-886F-C066FE66219D}.Debug|Any CPU.Build.0 = Debug|Any CPU
		{E3961625-125C-4A58-886F-C066FE66219D}.Release|Any CPU.ActiveCfg = Release|Any CPU
		{E3961625-125C-4A58-886F-C066FE66219D}.Release|Any CPU.Build.0 = Release|Any CPU
		{306100FD-4D95-4684-A05B-033F3023F3A1}.Debug|Any CPU.ActiveCfg = Debug|Any CPU
		{306100FD-4D95-4684-A05B-033F3023F3A1}.Debug|Any CPU.Build.0 = Debug|Any CPU
		{306100FD-4D95-4684-A05B-033F3023F3A1}.Release|Any CPU.ActiveCfg = Release|Any CPU
		{306100FD-4D95-4684-A05B-033F3023F3A1}.Release|Any CPU.Build.0 = Release|Any CPU
		{0EA57D65-6F83-48DF-A1D8-7788274CC4DB}.Debug|Any CPU.ActiveCfg = Debug|Any CPU
		{0EA57D65-6F83-48DF-A1D8-7788274CC4DB}.Debug|Any CPU.Build.0 = Debug|Any CPU
		{0EA57D65-6F83-48DF-A1D8-7788274CC4DB}.Release|Any CPU.ActiveCfg = Release|Any CPU
		{0EA57D65-6F83-48DF-A1D8-7788274CC4DB}.Release|Any CPU.Build.0 = Release|Any CPU
	EndGlobalSection
	GlobalSection(SolutionProperties) = preSolution
		HideSolutionNode = FALSE
	EndGlobalSection
	GlobalSection(ExtensibilityGlobals) = postSolution
		SolutionGuid = {A89B93CF-AB81-42C6-88AB-B0EC0BA80C1D}
	EndGlobalSection
EndGlobal
